{
  "name": "Frontend",
  "version": "1.0.0",
  "lockfileVersion": 3,
  "requires": true,
  "packages": {
    "": {
      "name": "Frontend",
      "version": "1.0.0",
      "dependencies": {
        "Frontend": "file:"
      }
    },
    "node_modules/Frontend": {
      "resolved": "",
      "link": true
    }
  }
}
